{
  "version": 4,
  "terraform_version": "0.12.24",
  "serial": 54,
  "lineage": "b753818f-a4dd-d835-a375-b05169829ac2",
  "outputs": {},
  "resources": [
    {
      "module": "module.public_route53_hosted_zone",
      "mode": "data",
      "type": "aws_route53_zone",
      "name": "main",
      "provider": "provider.aws",
      "instances": [
        {
          "schema_version": 0,
          "attributes": {
            "caller_reference": "A3906B06-5F66-F157-ABBE-88DDA36D0597",
            "comment": "",
            "id": "Z02318081E4Y6MYZD3QR6",
            "linked_service_description": null,
            "linked_service_principal": null,
            "name": "dataoncloud.tk.",
            "name_servers": [
              "ns-443.awsdns-55.com",
              "ns-766.awsdns-31.net",
              "ns-1757.awsdns-27.co.uk",
              "ns-1103.awsdns-09.org"
            ],
            "private_zone": false,
            "resource_record_set_count": 4,
            "tags": {},
            "vpc_id": null,
            "zone_id": "Z02318081E4Y6MYZD3QR6"
          }
        }
      ]
    },
    {
      "module": "module.cloudfront_distribution",
      "mode": "managed",
      "type": "aws_cloudfront_distribution",
      "name": "cloudfront_distribution",
      "each": "list",
      "provider": "provider.aws",
      "instances": []
    },
    {
      "module": "module.cloudfront_distribution",
      "mode": "managed",
      "type": "aws_cloudfront_origin_access_identity",
      "name": "origin_access_identity",
      "provider": "provider.aws",
      "instances": [
        {
          "schema_version": 0,
          "attributes": {
            "caller_reference": "terraform-20200712202215956700000001",
            "cloudfront_access_identity_path": "origin-access-identity/cloudfront/E17CY0O23SRP6G",
            "comment": "Origin Access Identity for S3",
            "etag": "E3MWXETRZC7ZBZ",
            "iam_arn": "arn:aws:iam::cloudfront:user/CloudFront Origin Access Identity E17CY0O23SRP6G",
            "id": "E17CY0O23SRP6G",
            "s3_canonical_user_id": "aac4f467d138429490004ce55e7decdd73e1227ada8b16a48584fc5ca42fd23142121e98affe49d31f7eed88fced371f"
          },
          "private": "bnVsbA=="
        }
      ]
    },
    {
      "module": "module.public_route53_hosted_zone",
      "mode": "managed",
      "type": "aws_route53_record",
      "name": "A",
      "each": "list",
      "provider": "provider.aws",
      "instances": []
    },
    {
      "module": "module.public_route53_hosted_zone",
      "mode": "managed",
      "type": "aws_route53_record",
      "name": "AAAA",
      "each": "list",
      "provider": "provider.aws",
      "instances": []
    },
    {
      "module": "module.s3_buckets",
      "mode": "managed",
      "type": "aws_s3_bucket",
      "name": "main",
      "provider": "provider.aws",
      "instances": [
        {
          "schema_version": 0,
          "attributes": {
            "acceleration_status": "",
            "acl": "private",
            "arn": "arn:aws:s3:::www.dataoncloud.tk",
            "bucket": "www.dataoncloud.tk",
            "bucket_domain_name": "www.dataoncloud.tk.s3.amazonaws.com",
            "bucket_prefix": null,
            "bucket_regional_domain_name": "www.dataoncloud.tk.s3.amazonaws.com",
            "cors_rule": [],
            "force_destroy": false,
            "grant": [],
            "hosted_zone_id": "Z3AQBSTGFYJSTF",
            "id": "www.dataoncloud.tk",
            "lifecycle_rule": [],
            "logging": [],
            "object_lock_configuration": [],
            "policy": null,
            "region": "us-east-1",
            "replication_configuration": [],
            "request_payer": "BucketOwner",
            "server_side_encryption_configuration": [],
            "tags": {
              "Name": "s3DistributionViaCF-dev"
            },
            "versioning": [
              {
                "enabled": false,
                "mfa_delete": false
              }
            ],
            "website": [
              {
                "error_document": "404.html",
                "index_document": "index.html",
                "redirect_all_requests_to": "",
                "routing_rules": ""
              }
            ],
            "website_domain": "s3-website-us-east-1.amazonaws.com",
            "website_endpoint": "www.dataoncloud.tk.s3-website-us-east-1.amazonaws.com"
          },
          "private": "bnVsbA=="
        }
      ]
    },
    {
      "module": "module.s3_buckets",
      "mode": "managed",
      "type": "aws_s3_bucket",
      "name": "redirect",
      "provider": "provider.aws",
      "instances": [
        {
          "schema_version": 0,
          "attributes": {
            "acceleration_status": "",
            "acl": "private",
            "arn": "arn:aws:s3:::dataoncloud.tk",
            "bucket": "dataoncloud.tk",
            "bucket_domain_name": "dataoncloud.tk.s3.amazonaws.com",
            "bucket_prefix": null,
            "bucket_regional_domain_name": "dataoncloud.tk.s3.amazonaws.com",
            "cors_rule": [],
            "force_destroy": false,
            "grant": [],
            "hosted_zone_id": "Z3AQBSTGFYJSTF",
            "id": "dataoncloud.tk",
            "lifecycle_rule": [],
            "logging": [],
            "object_lock_configuration": [],
            "policy": null,
            "region": "us-east-1",
            "replication_configuration": [],
            "request_payer": "BucketOwner",
            "server_side_encryption_configuration": [],
            "tags": {
              "Name": "s3DistributionViaCF-dev"
            },
            "versioning": [
              {
                "enabled": false,
                "mfa_delete": false
              }
            ],
            "website": [
              {
                "error_document": "",
                "index_document": "",
                "redirect_all_requests_to": "www.dataoncloud.tk",
                "routing_rules": ""
              }
            ],
            "website_domain": "s3-website-us-east-1.amazonaws.com",
            "website_endpoint": "dataoncloud.tk.s3-website-us-east-1.amazonaws.com"
          },
          "private": "bnVsbA==",
          "dependencies": [
            "module.s3_buckets.aws_s3_bucket.main"
          ]
        }
      ]
    }
  ]
}
